# THIS IS AN AUTOGENERATED FILE. DO NOT EDIT THIS FILE DIRECTLY.
# yarn lockfile v1


big.js@^6.2.1:
  version "6.2.1"
  resolved "https://registry.yarnpkg.com/big.js/-/big.js-6.2.1.tgz#7205ce763efb17c2e41f26f121c420c6a7c2744f"

bootstrap-validator@^0.11.9:
  version "0.11.9"
  resolved "https://registry.npmjs.org/bootstrap-validator/-/bootstrap-validator-0.11.9.tgz"

bootstrap@3.3.6:
  version "3.3.6"
  resolved "https://registry.npmjs.org/bootstrap/-/bootstrap-3.3.6.tgz"

clipboard@^2.0.8:
  version "2.0.8"
  resolved "https://registry.npmjs.org/clipboard/-/clipboard-2.0.8.tgz"
  dependencies:
    good-listener "^1.2.2"
    select "^1.1.2"
    tiny-emitter "^2.0.0"

delegate@^3.1.2:
  version "3.2.0"
  resolved "https://registry.npmjs.org/delegate/-/delegate-3.2.0.tgz"

good-listener@^1.2.2:
  version "1.2.2"
  resolved "https://registry.npmjs.org/good-listener/-/good-listener-1.2.2.tgz"
  dependencies:
    delegate "^3.1.2"

jquery@^2.2.0:
  version "2.2.4"
  resolved "https://registry.npmjs.org/jquery/-/jquery-2.2.4.tgz"

select@^1.1.2:
  version "1.1.2"
  resolved "https://registry.npmjs.org/select/-/select-1.1.2.tgz"

tiny-emitter@^2.0.0:
  version "2.0.2"
  resolved "https://registry.npmjs.org/tiny-emitter/-/tiny-emitter-2.0.2.tgz"
